
Microsoft Visual Studio Solution File, Format Version 12.00
# Visual Studio Version 16
VisualStudioVersion = 16.0.33027.164
MinimumVisualStudioVersion = 10.0.40219.1
Project("{FAE04EC0-301F-11D3-BF4B-00C04F79EFBC}") = "DiagonalSortingPoints", "DiagonalSortingPoints.csproj", "{C39EBEEF-8606-4CA2-87AF-4F35FF903EA5}"
EndProject
Global
	GlobalSection(SolutionConfigurationPlatforms) = preSolution
		Debug|Any CPU = Debug|Any CPU
		Release|Any CPU = Release|Any CPU
	EndGlobalSection
	GlobalSection(ProjectConfigurationPlatforms) = postSolution
		{C39EBEEF-8606-4CA2-87AF-4F35FF903EA5}.Debug|Any CPU.ActiveCfg = Debug|Any CPU
		{C39EBEEF-8606-4CA2-87AF-4F35FF903EA5}.Debug|Any CPU.Build.0 = Debug|Any CPU
		{C39EBEEF-8606-4CA2-87AF-4F35FF903EA5}.Release|Any CPU.ActiveCfg = Release|Any CPU
		{C39EBEEF-8606-4CA2-87AF-4F35FF903EA5}.Release|Any CPU.Build.0 = Release|Any CPU
	EndGlobalSection
	GlobalSection(SolutionProperties) = preSolution
		HideSolutionNode = FALSE
	EndGlobalSection
	GlobalSection(ExtensibilityGlobals) = postSolution
		SolutionGuid = {7BE9748A-D257-4290-8C7F-4DFDFB0FC5AB}
	EndGlobalSection
EndGlobal
